<?xml version="1.0" encoding="utf-8"?>
<Project ToolsVersion="4.0" xmlns="http://schemas.microsoft.com/developer/msbuild/2003">
  <ItemGroup>
    <Filter Include="Source Files">
      <UniqueIdentifier>{4FC737F1-C7A5-4376-A066-2A32D752A2FF}</UniqueIdentifier>
      <Extensions>cpp;c;cc;cxx;def;odl;idl;hpj;bat;asm;asmx</Extensions>
    </Filter>
    <Filter Include="Header Files">
      <UniqueIdentifier>{93995380-89BD-4b04-88EB-625FBE52EBFB}</UniqueIdentifier>
      <Extensions>h;hh;hpp;hxx;hm;inl;inc;xsd</Extensions>
    </Filter>
    <Filter Include="Resource Files">
      <UniqueIdentifier>{67DA6AB6-F800-4c08-8B7A-83BB121AAD01}</UniqueIdentifier>
      <Extensions>rc;ico;cur;bmp;dlg;rc2;rct;bin;rgs;gif;jpg;jpeg;jpe;resx;tiff;tif;png;wav;mfcribbon-ms</Extensions>
    </Filter>
    <Filter Include="Source Files\util">
      <UniqueIdentifier>{fab169b7-1565-496b-aa61-77a2d987e6e8}</UniqueIdentifier>
    </Filter>
    <Filter Include="Source Files\type">
      <UniqueIdentifier>{8fa2303a-456e-4ee6-ac5a-f78bd579f6ff}</UniqueIdentifier>
    </Filter>
    <Filter Include="Header Files\networktables">
      <UniqueIdentifier>{baad82de-3eaa-4367-b70d-3f557364478c}</UniqueIdentifier>
    </Filter>
    <Filter Include="Source Files\thread">
      <UniqueIdentifier>{b539e734-263f-41c3-8c57-6e7d9f7d1c0f}</UniqueIdentifier>
    </Filter>
    <Filter Include="Source Files\stream">
      <UniqueIdentifier>{9208caa5-c985-4085-9bce-8f6d51cc7d84}</UniqueIdentifier>
    </Filter>
    <Filter Include="Source Files\server">
      <UniqueIdentifier>{8d5bf64c-7c5d-46f3-b11e-928157b8a5da}</UniqueIdentifier>
    </Filter>
    <Filter Include="Source Files\connection">
      <UniqueIdentifier>{0682b6e3-b11e-4c14-a56e-a432c9e42d6e}</UniqueIdentifier>
    </Filter>
    <Filter Include="Source Files\client">
      <UniqueIdentifier>{ac2d8a48-e8e9-41d8-b839-6dd491764e13}</UniqueIdentifier>
    </Filter>
  </ItemGroup>
  <ItemGroup>
    <Text Include="ReadMe.txt" />
  </ItemGroup>
  <ItemGroup>
    <ClInclude Include="stdafx.h">
      <Filter>Header Files</Filter>
    </ClInclude>
    <ClInclude Include="targetver.h">
      <Filter>Header Files</Filter>
    </ClInclude>
  </ItemGroup>
  <ItemGroup>
    <ClCompile Include="..\..\wpilibc\shared\src\networktables\NetworkTable.cpp">
      <Filter>Source Files</Filter>
    </ClCompile>
    <ClCompile Include="..\..\wpilibc\shared\src\networktables\NetworkTableConnectionListenerAdapter.cpp">
      <Filter>Source Files</Filter>
    </ClCompile>
    <ClCompile Include="..\..\wpilibc\shared\src\networktables\NetworkTableKeyListenerAdapter.cpp">
      <Filter>Source Files</Filter>
    </ClCompile>
    <ClCompile Include="..\..\wpilibc\shared\src\networktables\NetworkTableListenerAdapter.cpp">
      <Filter>Source Files</Filter>
    </ClCompile>
    <ClCompile Include="..\..\wpilibc\shared\src\networktables\NetworkTableMode.cpp">
      <Filter>Source Files</Filter>
    </ClCompile>
    <ClCompile Include="..\..\wpilibc\shared\src\networktables\NetworkTableProvider.cpp">
      <Filter>Source Files</Filter>
    </ClCompile>
    <ClCompile Include="..\..\wpilibc\shared\src\networktables\NetworkTableSubListenerAdapter.cpp">
      <Filter>Source Files</Filter>
    </ClCompile>
    <ClCompile Include="..\..\wpilibc\shared\src\networktables2\AbstractNetworkTableEntryStore.cpp">
      <Filter>Source Files</Filter>
    </ClCompile>
    <ClCompile Include="..\..\wpilibc\shared\src\networktables2\NetworkTableEntry.cpp">
      <Filter>Source Files</Filter>
    </ClCompile>
    <ClCompile Include="..\..\wpilibc\shared\src\networktables2\NetworkTableNode.cpp">
      <Filter>Source Files</Filter>
    </ClCompile>
    <ClCompile Include="..\..\wpilibc\shared\src\networktables2\OutgoingEntryReciever.cpp">
      <Filter>Source Files</Filter>
    </ClCompile>
    <ClCompile Include="..\..\wpilibc\shared\src\networktables2\TableKeyExistsWithDifferentTypeException.cpp">
      <Filter>Source Files</Filter>
    </ClCompile>
    <ClCompile Include="..\..\wpilibc\shared\src\networktables2\TransactionDirtier.cpp">
      <Filter>Source Files</Filter>
    </ClCompile>
    <ClCompile Include="..\..\wpilibc\shared\src\networktables2\WriteManager.cpp">
      <Filter>Source Files</Filter>
    </ClCompile>
    <ClCompile Include="..\..\wpilibc\shared\src\networktables2\util\EOFException.cpp">
      <Filter>Source Files\util</Filter>
    </ClCompile>
    <ClCompile Include="..\..\wpilibc\shared\src\networktables2\util\IllegalStateException.cpp">
      <Filter>Source Files\util</Filter>
    </ClCompile>
    <ClCompile Include="..\..\wpilibc\shared\src\networktables2\util\IOException.cpp">
      <Filter>Source Files\util</Filter>
    </ClCompile>
    <ClCompile Include="..\..\wpilibc\shared\src\networktables2\util\StringCache.cpp">
      <Filter>Source Files\util</Filter>
    </ClCompile>
    <ClCompile Include="..\..\wpilibc\shared\src\networktables2\util\System.cpp">
      <Filter>Source Files\util</Filter>
    </ClCompile>
    <ClCompile Include="..\..\wpilibc\shared\src\networktables2\type\ArrayData.cpp">
      <Filter>Source Files\type</Filter>
    </ClCompile>
    <ClCompile Include="..\..\wpilibc\shared\src\networktables2\type\ArrayEntryType.cpp">
      <Filter>Source Files\type</Filter>
    </ClCompile>
    <ClCompile Include="..\..\wpilibc\shared\src\networktables2\type\BooleanArray.cpp">
      <Filter>Source Files\type</Filter>
    </ClCompile>
    <ClCompile Include="..\..\wpilibc\shared\src\networktables2\type\ComplexData.cpp">
      <Filter>Source Files\type</Filter>
    </ClCompile>
    <ClCompile Include="..\..\wpilibc\shared\src\networktables2\type\ComplexEntryType.cpp">
      <Filter>Source Files\type</Filter>
    </ClCompile>
    <ClCompile Include="..\..\wpilibc\shared\src\networktables2\type\DefaultEntryTypes.cpp">
      <Filter>Source Files\type</Filter>
    </ClCompile>
    <ClCompile Include="..\..\wpilibc\shared\src\networktables2\type\NetworkTableEntryType.cpp">
      <Filter>Source Files\type</Filter>
    </ClCompile>
    <ClCompile Include="..\..\wpilibc\shared\src\networktables2\type\NetworkTableEntryTypeManager.cpp">
      <Filter>Source Files\type</Filter>
    </ClCompile>
    <ClCompile Include="..\..\wpilibc\shared\src\networktables2\type\NumberArray.cpp">
      <Filter>Source Files\type</Filter>
    </ClCompile>
    <ClCompile Include="..\..\wpilibc\shared\src\networktables2\type\StringArray.cpp">
      <Filter>Source Files\type</Filter>
    </ClCompile>
    <ClCompile Include="..\..\wpilibc\shared\src\networktables2\thread\DefaultThreadManger.cpp">
      <Filter>Source Files\thread</Filter>
    </ClCompile>
    <ClCompile Include="..\..\wpilibc\shared\src\networktables2\stream\FDIOStream.cpp">
      <Filter>Source Files\stream</Filter>
    </ClCompile>
    <ClCompile Include="..\..\wpilibc\shared\src\networktables2\stream\SocketServerStreamProvider.cpp">
      <Filter>Source Files\stream</Filter>
    </ClCompile>
    <ClCompile Include="..\..\wpilibc\shared\src\networktables2\stream\SocketStreamFactory.cpp">
      <Filter>Source Files\stream</Filter>
    </ClCompile>
    <ClCompile Include="..\..\wpilibc\shared\src\networktables2\stream\SocketStreams.cpp">
      <Filter>Source Files\stream</Filter>
    </ClCompile>
    <ClCompile Include="..\..\wpilibc\shared\src\networktables2\server\NetworkTableServer.cpp">
      <Filter>Source Files\server</Filter>
    </ClCompile>
    <ClCompile Include="..\..\wpilibc\shared\src\networktables2\server\ServerConnectionAdapter.cpp">
      <Filter>Source Files\server</Filter>
    </ClCompile>
    <ClCompile Include="..\..\wpilibc\shared\src\networktables2\server\ServerConnectionList.cpp">
      <Filter>Source Files\server</Filter>
    </ClCompile>
    <ClCompile Include="..\..\wpilibc\shared\src\networktables2\server\ServerConnectionState.cpp">
      <Filter>Source Files\server</Filter>
    </ClCompile>
    <ClCompile Include="..\..\wpilibc\shared\src\networktables2\server\ServerIncomingStreamMonitor.cpp">
      <Filter>Source Files\server</Filter>
    </ClCompile>
    <ClCompile Include="..\..\wpilibc\shared\src\networktables2\server\ServerNetworkTableEntryStore.cpp">
      <Filter>Source Files\server</Filter>
    </ClCompile>
    <ClCompile Include="..\..\wpilibc\shared\src\networktables2\connection\BadMessageException.cpp">
      <Filter>Source Files\connection</Filter>
    </ClCompile>
    <ClCompile Include="..\..\wpilibc\shared\src\networktables2\connection\ConnectionMonitorThread.cpp">
      <Filter>Source Files\connection</Filter>
    </ClCompile>
    <ClCompile Include="..\..\wpilibc\shared\src\networktables2\connection\DataIOStream.cpp">
      <Filter>Source Files\connection</Filter>
    </ClCompile>
    <ClCompile Include="..\..\wpilibc\shared\src\networktables2\connection\NetworkTableConnection.cpp">
      <Filter>Source Files\connection</Filter>
    </ClCompile>
    <ClCompile Include="..\..\wpilibc\shared\src\networktables2\client\ClientNetworkTableEntryStore.cpp">
      <Filter>Source Files\client</Filter>
    </ClCompile>
    <ClCompile Include="..\..\wpilibc\shared\src\networktables2\client\ClientConnectionAdapter.cpp">
      <Filter>Source Files\client</Filter>
    </ClCompile>
    <ClCompile Include="..\..\wpilibc\shared\src\networktables2\client\ClientConnectionState.cpp">
      <Filter>Source Files\client</Filter>
    </ClCompile>
    <ClCompile Include="..\..\wpilibc\shared\src\networktables2\client\NetworkTableClient.cpp">
      <Filter>Source Files\client</Filter>
    </ClCompile>
    <ClCompile Include="semlib.cpp">
      <Filter>Source Files</Filter>
    </ClCompile>
    <ClCompile Include="synchronized.cpp">
      <Filter>Source Files</Filter>
    </ClCompile>
    <ClCompile Include="..\..\wpilibc\shared\src\TableKeyNotDefinedException.cpp">
      <Filter>Source Files</Filter>
    </ClCompile>
    <ClCompile Include="task.cpp">
      <Filter>Source Files</Filter>
    </ClCompile>
    <ClCompile Include="..\..\wpilibc\shared\src\taskLib.cpp">
      <Filter>Source Files</Filter>
    </ClCompile>
  </ItemGroup>
</Project>